// !$*UTF8*$!
{
	archiveVersion = 1;
	classes = {
	};
	objectVersion = 46;
	objects = {

/* Begin PBXBuildFile section */
		46607DB81C999F0B00CDAD2E /* AppDelegate.swift in Sources */ = {isa = PBXBuildFile; fileRef = 46607DB71C999F0B00CDAD2E /* AppDelegate.swift */; };
		46607DBF1C999F0B00CDAD2E /* Assets.xcassets in Resources */ = {isa = PBXBuildFile; fileRef = 46607DBE1C999F0B00CDAD2E /* Assets.xcassets */; };
		46607DC21C999F0B00CDAD2E /* LaunchScreen.storyboard in Resources */ = {isa = PBXBuildFile; fileRef = 46607DC01C999F0B00CDAD2E /* LaunchScreen.storyboard */; };
		46607DCD1C999F0B00CDAD2E /* rxmwTests.swift in Sources */ = {isa = PBXBuildFile; fileRef = 46607DCC1C999F0B00CDAD2E /* rxmwTests.swift */; };
		46607DE81C99A2E200CDAD2E /* RxBlocking.framework in Frameworks */ = {isa = PBXBuildFile; fileRef = 46607DE51C99A2E200CDAD2E /* RxBlocking.framework */; };
		46607DE91C99A2E200CDAD2E /* RxCocoa.framework in Frameworks */ = {isa = PBXBuildFile; fileRef = 46607DE61C99A2E200CDAD2E /* RxCocoa.framework */; };
		46607DEA1C99A2E200CDAD2E /* RxSwift.framework in Frameworks */ = {isa = PBXBuildFile; fileRef = 46607DE71C99A2E200CDAD2E /* RxSwift.framework */; };
/* End PBXBuildFile section */

/* Begin PBXContainerItemProxy section */
		46607DC91C999F0B00CDAD2E /* PBXContainerItemProxy */ = {
			isa = PBXContainerItemProxy;
			containerPortal = 46607DAC1C999F0B00CDAD2E /* Project object */;
			proxyType = 1;
			remoteGlobalIDString = 46607DB31C999F0B00CDAD2E;
			remoteInfo = rxmw;
		};
/* End PBXContainerItemProxy section */

/* Begin PBXFileReference section */
		46607DB41C999F0B00CDAD2E /* rxmw.app */ = {isa = PBXFileReference; explicitFileType = wrapper.application; includeInIndex = 0; path = rxmw.app; sourceTree = BUILT_PRODUCTS_DIR; };
		46607DB71C999F0B00CDAD2E /* AppDelegate.swift */ = {isa = PBXFileReference; lastKnownFileType = sourcecode.swift; path = AppDelegate.swift; sourceTree = "<group>"; };
		46607DBE1C999F0B00CDAD2E /* Assets.xcassets */ = {isa = PBXFileReference; lastKnownFileType = folder.assetcatalog; path = Assets.xcassets; sourceTree = "<group>"; };
		46607DC11C999F0B00CDAD2E /* Base */ = {isa = PBXFileReference; lastKnownFileType = file.storyboard; name = Base; path = Base.lproj/LaunchScreen.storyboard; sourceTree = "<group>"; };
		46607DC31C999F0B00CDAD2E /* Info.plist */ = {isa = PBXFileReference; lastKnownFileType = text.plist.xml; path = Info.plist; sourceTree = "<group>"; };
		46607DC81C999F0B00CDAD2E /* rxmwTests.xctest */ = {isa = PBXFileReference; explicitFileType = wrapper.cfbundle; includeInIndex = 0; path = rxmwTests.xctest; sourceTree = BUILT_PRODUCTS_DIR; };
		46607DCC1C999F0B00CDAD2E /* rxmwTests.swift */ = {isa = PBXFileReference; lastKnownFileType = sourcecode.swift; path = rxmwTests.swift; sourceTree = "<group>"; };
		46607DCE1C999F0B00CDAD2E /* Info.plist */ = {isa = PBXFileReference; lastKnownFileType = text.plist.xml; path = Info.plist; sourceTree = "<group>"; };
		46607DE51C99A2E200CDAD2E /* RxBlocking.framework */ = {isa = PBXFileReference; lastKnownFileType = wrapper.framework; name = RxBlocking.framework; path = Carthage/Build/iOS/RxBlocking.framework; sourceTree = "<group>"; };
		46607DE61C99A2E200CDAD2E /* RxCocoa.framework */ = {isa = PBXFileReference; lastKnownFileType = wrapper.framework; name = RxCocoa.framework; path = Carthage/Build/iOS/RxCocoa.framework; sourceTree = "<group>"; };
		46607DE71C99A2E200CDAD2E /* RxSwift.framework */ = {isa = PBXFileReference; lastKnownFileType = wrapper.framework; name = RxSwift.framework; path = Carthage/Build/iOS/RxSwift.framework; sourceTree = "<group>"; };
/* End PBXFileReference section */

/* Begin PBXFrameworksBuildPhase section */
		46607DB11C999F0B00CDAD2E /* Frameworks */ = {
			isa = PBXFrameworksBuildPhase;
			buildActionMask = 2147483647;
			files = (
				46607DE81C99A2E200CDAD2E /* RxBlocking.framework in Frameworks */,
				46607DE91C99A2E200CDAD2E /* RxCocoa.framework in Frameworks */,
				46607DEA1C99A2E200CDAD2E /* RxSwift.framework in Frameworks */,
			);
			runOnlyForDeploymentPostprocessing = 0;
		};
		46607DC51C999F0B00CDAD2E /* Frameworks */ = {
			isa = PBXFrameworksBuildPhase;
			buildActionMask = 2147483647;
			files = (
			);
			runOnlyForDeploymentPostprocessing = 0;
		};
/* End PBXFrameworksBuildPhase section */

/* Begin PBXGroup section */
		46607DAB1C999F0B00CDAD2E = {
			isa = PBXGroup;
			children = (
				46607DEC1C99A32F00CDAD2E /* Frameworks */,
				46607DB61C999F0B00CDAD2E /* rxmw */,
				46607DCB1C999F0B00CDAD2E /* rxmwTests */,
				46607DB51C999F0B00CDAD2E /* Products */,
			);
			sourceTree = "<group>";
		};
		46607DB51C999F0B00CDAD2E /* Products */ = {
			isa = PBXGroup;
			children = (
				46607DB41C999F0B00CDAD2E /* rxmw.app */,
				46607DC81C999F0B00CDAD2E /* rxmwTests.xctest */,
			);
			name = Products;
			sourceTree = "<group>";
		};
		46607DB61C999F0B00CDAD2E /* rxmw */ = {
			isa = PBXGroup;
			children = (
				46607DB71C999F0B00CDAD2E /* AppDelegate.swift */,
				46607DBE1C999F0B00CDAD2E /* Assets.xcassets */,
				46607DC01C999F0B00CDAD2E /* LaunchScreen.storyboard */,
				46607DC31C999F0B00CDAD2E /* Info.plist */,
			);
			path = rxmw;
			sourceTree = "<group>";
		};
		46607DCB1C999F0B00CDAD2E /* rxmwTests */ = {
			isa = PBXGroup;
			children = (
				46607DCC1C999F0B00CDAD2E /* rxmwTests.swift */,
				46607DCE1C999F0B00CDAD2E /* Info.plist */,
			);
			path = rxmwTests;
			sourceTree = "<group>";
		};
		46607DEC1C99A32F00CDAD2E /* Frameworks */ = {
			isa = PBXGroup;
			children = (
				46607DE51C99A2E200CDAD2E /* RxBlocking.framework */,
				46607DE61C99A2E200CDAD2E /* RxCocoa.framework */,
				46607DE71C99A2E200CDAD2E /* RxSwift.framework */,
			);
			name = Frameworks;
			sourceTree = "<group>";
		};
/* End PBXGroup section */

/* Begin PBXNativeTarget section */
		46607DB31C999F0B00CDAD2E /* rxmw */ = {
			isa = PBXNativeTarget;
			buildConfigurationList = 46607DDC1C999F0B00CDAD2E /* Build configuration list for PBXNativeTarget "rxmw" */;
			buildPhases = (
				46607DB01C999F0B00CDAD2E /* Sources */,
				46607DB11C999F0B00CDAD2E /* Frameworks */,
				46607DB21C999F0B00CDAD2E /* Resources */,
				46607DEB1C99A2E600CDAD2E /* ShellScript */,
			);
			buildRules = (
			);
			dependencies = (
			);
			name = rxmw;
			productName = rxmw;
			productReference = 46607DB41C999F0B00CDAD2E /* rxmw.app */;
			productType = "com.apple.product-type.application";
		};
		46607DC71C999F0B00CDAD2E /* rxmwTests */ = {
			isa = PBXNativeTarget;
			buildConfigurationList = 46607DDF1C999F0B00CDAD2E /* Build configuration list for PBXNativeTarget "rxmwTests" */;
			buildPhases = (
				46607DC41C999F0B00CDAD2E /* Sources */,
				46607DC51C999F0B00CDAD2E /* Frameworks */,
				46607DC61C999F0B00CDAD2E /* Resources */,
			);
			buildRules = (
			);
			dependencies = (
				46607DCA1C999F0B00CDAD2E /* PBXTargetDependency */,
			);
			name = rxmwTests;
			productName = rxmwTests;
			productReference = 46607DC81C999F0B00CDAD2E /* rxmwTests.xctest */;
			productType = "com.apple.product-type.bundle.unit-test";
		};
/* End PBXNativeTarget section */

/* Begin PBXProject section */
		46607DAC1C999F0B00CDAD2E /* Project object */ = {
			isa = PBXProject;
			attributes = {
				LastSwiftUpdateCheck = 0720;
				LastUpgradeCheck = 0720;
				ORGANIZATIONNAME = "Krzysztof Siejkowski";
				TargetAttributes = {
					46607DB31C999F0B00CDAD2E = {
						CreatedOnToolsVersion = 7.2.1;
					};
					46607DC71C999F0B00CDAD2E = {
						CreatedOnToolsVersion = 7.2.1;
						TestTargetID = 46607DB31C999F0B00CDAD2E;
					};
				};
			};
			buildConfigurationList = 46607DAF1C999F0B00CDAD2E /* Build configuration list for PBXProject "rxmw" */;
			compatibilityVersion = "Xcode 3.2";
			developmentRegion = English;
			hasScannedForEncodings = 0;
			knownRegions = (
				en,
				Base,
			);
			mainGroup = 46607DAB1C999F0B00CDAD2E;
			productRefGroup = 46607DB51C999F0B00CDAD2E /* Products */;
			projectDirPath = "";
			projectRoot = "";
			targets = (
				46607DB31C999F0B00CDAD2E /* rxmw */,
				46607DC71C999F0B00CDAD2E /* rxmwTests */,
			);
		};
/* End PBXProject section */

/* Begin PBXResourcesBuildPhase section */
		46607DB21C999F0B00CDAD2E /* Resources */ = {
			isa = PBXResourcesBuildPhase;
			buildActionMask = 2147483647;
			files = (
				46607DC21C999F0B00CDAD2E /* LaunchScreen.storyboard in Resources */,
				46607DBF1C999F0B00CDAD2E /* Assets.xcassets in Resources */,
			);
			runOnlyForDeploymentPostprocessing = 0;
		};
		46607DC61C999F0B00CDAD2E /* Resources */ = {
			isa = PBXResourcesBuildPhase;
			buildActionMask = 2147483647;
			files = (
			);
			runOnlyForDeploymentPostprocessing = 0;
		};
/* End PBXResourcesBuildPhase section */

/* Begin PBXShellScriptBuildPhase section */
		46607DEB1C99A2E600CDAD2E /* ShellScript */ = {
			isa = PBXShellScriptBuildPhase;
			buildActionMask = 2147483647;
			files = (
			);
			inputPaths = (
				"$(SRCROOT)/Carthage/Build/iOS/RxSwift.framework",
				"$(SRCROOT)/Carthage/Build/iOS/RxCocoa.framework",
				"$(SRCROOT)/Carthage/Build/iOS/RxBlocking.framework",
			);
			outputPaths = (
			);
			runOnlyForDeploymentPostprocessing = 0;
			shellPath = /bin/sh;
			shellScript = "/usr/local/bin/carthage copy-frameworks";
		};
/* End PBXShellScriptBuildPhase section */

/* Begin PBXSourcesBuildPhase section */
		46607DB01C999F0B00CDAD2E /* Sources */ = {
			isa = PBXSourcesBuildPhase;
			buildActionMask = 2147483647;
			files = (
				46607DB81C999F0B00CDAD2E /* AppDelegate.swift in Sources */,
			);
			runOnlyForDeploymentPostprocessing = 0;
		};
		46607DC41C999F0B00CDAD2E /* Sources */ = {
			isa = PBXSourcesBuildPhase;
			buildActionMask = 2147483647;
			files = (
				46607DCD1C999F0B00CDAD2E /* rxmwTests.swift in Sources */,
			);
			runOnlyForDeploymentPostprocessing = 0;
		};
/* End PBXSourcesBuildPhase section */

/* Begin PBXTargetDependency section */
		46607DCA1C999F0B00CDAD2E /* PBXTargetDependency */ = {
			isa = PBXTargetDependency;
			target = 46607DB31C999F0B00CDAD2E /* rxmw */;
			targetProxy = 46607DC91C999F0B00CDAD2E /* PBXContainerItemProxy */;
		};
/* End PBXTargetDependency section */

/* Begin PBXVariantGroup section */
		46607DC01C999F0B00CDAD2E /* LaunchScreen.storyboard */ = {
			isa = PBXVariantGroup;
			children = (
				46607DC11C999F0B00CDAD2E /* Base */,
			);
			name = LaunchScreen.storyboard;
			sourceTree = "<group>";
		};
/* End PBXVariantGroup section */

/* Begin XCBuildConfiguration section */
		46607DDA1C999F0B00CDAD2E /* Debug */ = {
			isa = XCBuildConfiguration;
			buildSettings = {
				ALWAYS_SEARCH_USER_PATHS = NO;
				CLANG_CXX_LANGUAGE_STANDARD = "gnu++0x";
				CLANG_CXX_LIBRARY = "libc++";
				CLANG_ENABLE_MODULES = YES;
				CLANG_ENABLE_OBJC_ARC = YES;
				CLANG_WARN_BOOL_CONVERSION = YES;
				CLANG_WARN_CONSTANT_CONVERSION = YES;
				CLANG_WARN_DIRECT_OBJC_ISA_USAGE = YES_ERROR;
				CLANG_WARN_EMPTY_BODY = YES;
				CLANG_WARN_ENUM_CONVERSION = YES;
				CLANG_WARN_INT_CONVERSION = YES;
				CLANG_WARN_OBJC_ROOT_CLASS = YES_ERROR;
				CLANG_WARN_UNREACHABLE_CODE = YES;
				CLANG_WARN__DUPLICATE_METHOD_MATCH = YES;
				"CODE_SIGN_IDENTITY[sdk=iphoneos*]" = "iPhone Developer";
				COPY_PHASE_STRIP = NO;
				DEBUG_INFORMATION_FORMAT = dwarf;
				ENABLE_STRICT_OBJC_MSGSEND = YES;
				ENABLE_TESTABILITY = YES;
				GCC_C_LANGUAGE_STANDARD = gnu99;
				GCC_DYNAMIC_NO_PIC = NO;
				GCC_NO_COMMON_BLOCKS = YES;
				GCC_OPTIMIZATION_LEVEL = 0;
				GCC_PREPROCESSOR_DEFINITIONS = (
					"DEBUG=1",
					"$(inherited)",
				);
				GCC_WARN_64_TO_32_BIT_CONVERSION = YES;
				GCC_WARN_ABOUT_RETURN_TYPE = YES_ERROR;
				GCC_WARN_UNDECLARED_SELECTOR = YES;
				GCC_WARN_UNINITIALIZED_AUTOS = YES_AGGRESSIVE;
				GCC_WARN_UNUSED_FUNCTION = YES;
				GCC_WARN_UNUSED_VARIABLE = YES;
				IPHONEOS_DEPLOYMENT_TARGET = 9.2;
				MTL_ENABLE_DEBUG_INFO = YES;
				ONLY_ACTIVE_ARCH = YES;
				SDKROOT = iphoneos;
				SWIFT_OPTIMIZATION_LEVEL = "-Onone";
				TARGETED_DEVICE_FAMILY = "1,2";
			};
			name = Debug;
		};
		46607DDB1C999F0B00CDAD2E /* Release */ = {
			isa = XCBuildConfiguration;
			buildSettings = {
				ALWAYS_SEARCH_USER_PATHS = NO;
				CLANG_CXX_LANGUAGE_STANDARD = "gnu++0x";
				CLANG_CXX_LIBRARY = "libc++";
				CLANG_ENABLE_MODULES = YES;
				CLANG_ENABLE_OBJC_ARC = YES;
				CLANG_WARN_BOOL_CONVERSION = YES;
				CLANG_WARN_CONSTANT_CONVERSION = YES;
				CLANG_WARN_DIRECT_OBJC_ISA_USAGE = YES_ERROR;
				CLANG_WARN_EMPTY_BODY = YES;
				CLANG_WARN_ENUM_CONVERSION = YES;
				CLANG_WARN_INT_CONVERSION = YES;
				CLANG_WARN_OBJC_ROOT_CLASS = YES_ERROR;
				CLANG_WARN_UNREACHABLE_CODE = YES;
				CLANG_WARN__DUPLICATE_METHOD_MATCH = YES;
				"CODE_SIGN_IDENTITY[sdk=iphoneos*]" = "iPhone Developer";
				COPY_PHASE_STRIP = NO;
				DEBUG_INFORMATION_FORMAT = "dwarf-with-dsym";
				ENABLE_NS_ASSERTIONS = NO;
				ENABLE_STRICT_OBJC_MSGSEND = YES;
				GCC_C_LANGUAGE_STANDARD = gnu99;
				GCC_NO_COMMON_BLOCKS = YES;
				GCC_WARN_64_TO_32_BIT_CONVERSION = YES;
				GCC_WARN_ABOUT_RETURN_TYPE = YES_ERROR;
				GCC_WARN_UNDECLARED_SELECTOR = YES;
				GCC_WARN_UNINITIALIZED_AUTOS = YES_AGGRESSIVE;
				GCC_WARN_UNUSED_FUNCTION = YES;
				GCC_WARN_UNUSED_VARIABLE = YES;
				IPHONEOS_DEPLOYMENT_TARGET = 9.2;
				MTL_ENABLE_DEBUG_INFO = NO;
				SDKROOT = iphoneos;
				TARGETED_DEVICE_FAMILY = "1,2";
				VALIDATE_PRODUCT = YES;
			};
			name = Release;
		};
		46607DDD1C999F0B00CDAD2E /* Debug */ = {
			isa = XCBuildConfiguration;
			buildSettings = {
				ASSETCATALOG_COMPILER_APPICON_NAME = AppIcon;
				FRAMEWORK_SEARCH_PATHS = (
					"$(inherited)",
					"$(PROJECT_DIR)/Carthage/Build/iOS",
				);
				INFOPLIST_FILE = rxmw/Info.plist;
				LD_RUNPATH_SEARCH_PATHS = "$(inherited) @executable_path/Frameworks";
				PRODUCT_BUNDLE_IDENTIFIER = net.siejkowski.rxmw;
				PRODUCT_NAME = "$(TARGET_NAME)";
			};
			name = Debug;
		};
		46607DDE1C999F0B00CDAD2E /* Release */ = {
			isa = XCBuildConfiguration;
			buildSettings = {
				ASSETCATALOG_COMPILER_APPICON_NAME = AppIcon;
				FRAMEWORK_SEARCH_PATHS = (
					"$(inherited)",
					"$(PROJECT_DIR)/Carthage/Build/iOS",
				);
				INFOPLIST_FILE = rxmw/Info.plist;
				LD_RUNPATH_SEARCH_PATHS = "$(inherited) @executable_path/Frameworks";
				PRODUCT_BUNDLE_IDENTIFIER = net.siejkowski.rxmw;
				PRODUCT_NAME = "$(TARGET_NAME)";
			};
			name = Release;
		};
		46607DE01C999F0B00CDAD2E /* Debug */ = {
			isa = XCBuildConfiguration;
			buildSettings = {
				BUNDLE_LOADER = "$(TEST_HOST)";
				INFOPLIST_FILE = rxmwTests/Info.plist;
				LD_RUNPATH_SEARCH_PATHS = "$(inherited) @executable_path/Frameworks @loader_path/Frameworks";
				PRODUCT_BUNDLE_IDENTIFIER = net.siejkowski.rxmwTests;
				PRODUCT_NAME = "$(TARGET_NAME)";
				TEST_HOST = "$(BUILT_PRODUCTS_DIR)/rxmw.app/rxmw";
			};
			name = Debug;
		};
		46607DE11C999F0B00CDAD2E /* Release */ = {
			isa = XCBuildConfiguration;
			buildSettings = {
				BUNDLE_LOADER = "$(TEST_HOST)";
				INFOPLIST_FILE = rxmwTests/Info.plist;
				LD_RUNPATH_SEARCH_PATHS = "$(inherited) @executable_path/Frameworks @loader_path/Frameworks";
				PRODUCT_BUNDLE_IDENTIFIER = net.siejkowski.rxmwTests;
				PRODUCT_NAME = "$(TARGET_NAME)";
				TEST_HOST = "$(BUILT_PRODUCTS_DIR)/rxmw.app/rxmw";
			};
			name = Release;
		};
/* End XCBuildConfiguration section */

/* Begin XCConfigurationList section */
		46607DAF1C999F0B00CDAD2E /* Build configuration list for PBXProject "rxmw" */ = {
			isa = XCConfigurationList;
			buildConfigurations = (
				46607DDA1C999F0B00CDAD2E /* Debug */,
				46607DDB1C999F0B00CDAD2E /* Release */,
			);
			defaultConfigurationIsVisible = 0;
			defaultConfigurationName = Release;
		};
		46607DDC1C999F0B00CDAD2E /* Build configuration list for PBXNativeTarget "rxmw" */ = {
			isa = XCConfigurationList;
			buildConfigurations = (
				46607DDD1C999F0B00CDAD2E /* Debug */,
				46607DDE1C999F0B00CDAD2E /* Release */,
			);
			defaultConfigurationIsVisible = 0;
		};
		46607DDF1C999F0B00CDAD2E /* Build configuration list for PBXNativeTarget "rxmwTests" */ = {
			isa = XCConfigurationList;
			buildConfigurations = (
				46607DE01C999F0B00CDAD2E /* Debug */,
				46607DE11C999F0B00CDAD2E /* Release */,
			);
			defaultConfigurationIsVisible = 0;
		};
/* End XCConfigurationList section */
	};
	rootObject = 46607DAC1C999F0B00CDAD2E /* Project object */;
}
